
Microsoft Visual Studio Solution File, Format Version 12.00
Project("{FAE04EC0-301F-11D3-BF4B-00C04F79EFBC}") = "isa", "isa\isa.csproj", "{CC2C3247-D3FF-4FE8-BEB1-3F5CC91A1BF3}"
EndProject
Project("{2150E333-8FDC-42A3-9474-1A3956D46DE8}") = "Solution Items", "Solution Items", "{55A7A871-ECC5-4213-B3B7-60568E208E2D}"
	ProjectSection(SolutionItems) = preProject
		compose.yaml = compose.yaml
	EndProjectSection
EndProject
Global
	GlobalSection(SolutionConfigurationPlatforms) = preSolution
		Debug|Any CPU = Debug|Any CPU
		Release|Any CPU = Release|Any CPU
	EndGlobalSection
	GlobalSection(ProjectConfigurationPlatforms) = postSolution
		{CC2C3247-D3FF-4FE8-BEB1-3F5CC91A1BF3}.Debug|Any CPU.ActiveCfg = Debug|Any CPU
		{CC2C3247-D3FF-4FE8-BEB1-3F5CC91A1BF3}.Debug|Any CPU.Build.0 = Debug|Any CPU
		{CC2C3247-D3FF-4FE8-BEB1-3F5CC91A1BF3}.Release|Any CPU.ActiveCfg = Release|Any CPU
		{CC2C3247-D3FF-4FE8-BEB1-3F5CC91A1BF3}.Release|Any CPU.Build.0 = Release|Any CPU
	EndGlobalSection
EndGlobal
